
Microsoft Visual Studio Solution File, Format Version 12.00
# Visual Studio Version 17
VisualStudioVersion = 17.8.34511.84
MinimumVisualStudioVersion = 10.0.40219.1
Project("{F184B08F-C81C-45F6-A57F-5ABD9991F28F}") = "student grading system", "student grading system.vbproj", "{8DA3010D-5081-49C7-9D1B-772C3712650D}"
EndProject
Global
	GlobalSection(SolutionConfigurationPlatforms) = preSolution
		Debug|Any CPU = Debug|Any CPU
		Release|Any CPU = Release|Any CPU
	EndGlobalSection
	GlobalSection(ProjectConfigurationPlatforms) = postSolution
		{8DA3010D-5081-49C7-9D1B-772C3712650D}.Debug|Any CPU.ActiveCfg = Debug|Any CPU
		{8DA3010D-5081-49C7-9D1B-772C3712650D}.Debug|Any CPU.Build.0 = Debug|Any CPU
		{8DA3010D-5081-49C7-9D1B-772C3712650D}.Release|Any CPU.ActiveCfg = Release|Any CPU
		{8DA3010D-5081-49C7-9D1B-772C3712650D}.Release|Any CPU.Build.0 = Release|Any CPU
	EndGlobalSection
	GlobalSection(SolutionProperties) = preSolution
		HideSolutionNode = FALSE
	EndGlobalSection
	GlobalSection(ExtensibilityGlobals) = postSolution
		SolutionGuid = {8CDB2AFF-CCCC-4A3C-9ED2-72DCA873D159}
	EndGlobalSection
EndGlobal
